// !$*UTF8*$!
{
	archiveVersion = 1;
	classes = {
	};
	objectVersion = 46;
	objects = {

/* Begin PBXBuildFile section */
		5730364F18882D3500029216 /* Foundation.framework in Frameworks */ = {isa = PBXBuildFile; fileRef = 5730364E18882D3500029216 /* Foundation.framework */; };
		5730365118882D3500029216 /* CoreGraphics.framework in Frameworks */ = {isa = PBXBuildFile; fileRef = 5730365018882D3500029216 /* CoreGraphics.framework */; };
		5730365318882D3500029216 /* UIKit.framework in Frameworks */ = {isa = PBXBuildFile; fileRef = 5730365218882D3500029216 /* UIKit.framework */; };
		5730365918882D3500029216 /* InfoPlist.strings in Resources */ = {isa = PBXBuildFile; fileRef = 5730365718882D3500029216 /* InfoPlist.strings */; };
		5730365B18882D3500029216 /* main.m in Sources */ = {isa = PBXBuildFile; fileRef = 5730365A18882D3500029216 /* main.m */; };
		5730365F18882D3500029216 /* AppDelegate.m in Sources */ = {isa = PBXBuildFile; fileRef = 5730365E18882D3500029216 /* AppDelegate.m */; };
		5730366218882D3500029216 /* Main.storyboard in Resources */ = {isa = PBXBuildFile; fileRef = 5730366018882D3500029216 /* Main.storyboard */; };
		5730366A18882D3500029216 /* Images.xcassets in Resources */ = {isa = PBXBuildFile; fileRef = 5730366918882D3500029216 /* Images.xcassets */; };
		5730367118882D3500029216 /* XCTest.framework in Frameworks */ = {isa = PBXBuildFile; fileRef = 5730367018882D3500029216 /* XCTest.framework */; };
		5730367218882D3500029216 /* Foundation.framework in Frameworks */ = {isa = PBXBuildFile; fileRef = 5730364E18882D3500029216 /* Foundation.framework */; };
		5730367318882D3500029216 /* UIKit.framework in Frameworks */ = {isa = PBXBuildFile; fileRef = 5730365218882D3500029216 /* UIKit.framework */; };
		5730367B18882D3500029216 /* InfoPlist.strings in Resources */ = {isa = PBXBuildFile; fileRef = 5730367918882D3500029216 /* InfoPlist.strings */; };
		5730367D18882D3500029216 /* fb_friendsTests.m in Sources */ = {isa = PBXBuildFile; fileRef = 5730367C18882D3500029216 /* fb_friendsTests.m */; };
		5730368918887BD500029216 /* QuartzCore.framework in Frameworks */ = {isa = PBXBuildFile; fileRef = 5730368818887BD400029216 /* QuartzCore.framework */; };
		5730368B18887BDE00029216 /* MessageUI.framework in Frameworks */ = {isa = PBXBuildFile; fileRef = 5730368A18887BDE00029216 /* MessageUI.framework */; };
		5730368D18887BE300029216 /* ImageIO.framework in Frameworks */ = {isa = PBXBuildFile; fileRef = 5730368C18887BE300029216 /* ImageIO.framework */; };
		5730369518887C2400029216 /* FBGTimelineCell.m in Sources */ = {isa = PBXBuildFile; fileRef = 5730369018887C2400029216 /* FBGTimelineCell.m */; };
		5730369618887C2400029216 /* FBGTimelinePhotoView.m in Sources */ = {isa = PBXBuildFile; fileRef = 5730369218887C2400029216 /* FBGTimelinePhotoView.m */; };
		5730369718887C2400029216 /* UIView+viewController.m in Sources */ = {isa = PBXBuildFile; fileRef = 5730369418887C2400029216 /* UIView+viewController.m */; };
		5730369E18887C5100029216 /* MWPhotoBrowser.bundle in Resources */ = {isa = PBXBuildFile; fileRef = 5730369A18887C5100029216 /* MWPhotoBrowser.bundle */; };
		573036B118887C8000029216 /* MWCaptionView.m in Sources */ = {isa = PBXBuildFile; fileRef = 573036A518887C8000029216 /* MWCaptionView.m */; };
		573036B218887C8000029216 /* MWPhoto.m in Sources */ = {isa = PBXBuildFile; fileRef = 573036A718887C8000029216 /* MWPhoto.m */; };
		573036B318887C8000029216 /* MWPhotoBrowser.m in Sources */ = {isa = PBXBuildFile; fileRef = 573036A918887C8000029216 /* MWPhotoBrowser.m */; };
		573036B418887C8000029216 /* MWTapDetectingImageView.m in Sources */ = {isa = PBXBuildFile; fileRef = 573036AC18887C8000029216 /* MWTapDetectingImageView.m */; };
		573036B518887C8000029216 /* MWTapDetectingView.m in Sources */ = {isa = PBXBuildFile; fileRef = 573036AE18887C8000029216 /* MWTapDetectingView.m */; };
		573036B618887C8000029216 /* MWZoomingScrollView.m in Sources */ = {isa = PBXBuildFile; fileRef = 573036B018887C8000029216 /* MWZoomingScrollView.m */; };
		573036BC18887CB700029216 /* MBProgressHUD.m in Sources */ = {isa = PBXBuildFile; fileRef = 573036BA18887CB700029216 /* MBProgressHUD.m */; };
		573036BD18887CB700029216 /* README.mdown in Resources */ = {isa = PBXBuildFile; fileRef = 573036BB18887CB700029216 /* README.mdown */; };
		573036D218887CCB00029216 /* LICENSE in Resources */ = {isa = PBXBuildFile; fileRef = 573036BE18887CCB00029216 /* LICENSE */; };
		573036D318887CCB00029216 /* README.md in Resources */ = {isa = PBXBuildFile; fileRef = 573036BF18887CCB00029216 /* README.md */; };
		573036D418887CCB00029216 /* SDImageCache.m in Sources */ = {isa = PBXBuildFile; fileRef = 573036C118887CCB00029216 /* SDImageCache.m */; };
		573036D518887CCB00029216 /* SDWebImageDecoder.m in Sources */ = {isa = PBXBuildFile; fileRef = 573036C518887CCB00029216 /* SDWebImageDecoder.m */; };
		573036D618887CCB00029216 /* SDWebImageDownloader.m in Sources */ = {isa = PBXBuildFile; fileRef = 573036C718887CCB00029216 /* SDWebImageDownloader.m */; };
		573036D718887CCB00029216 /* SDWebImageManager.m in Sources */ = {isa = PBXBuildFile; fileRef = 573036CA18887CCB00029216 /* SDWebImageManager.m */; };
		573036D818887CCB00029216 /* SDWebImagePrefetcher.m in Sources */ = {isa = PBXBuildFile; fileRef = 573036CD18887CCB00029216 /* SDWebImagePrefetcher.m */; };
		573036D918887CCB00029216 /* UIButton+WebCache.m in Sources */ = {isa = PBXBuildFile; fileRef = 573036CF18887CCB00029216 /* UIButton+WebCache.m */; };
		573036DA18887CCB00029216 /* UIImageView+WebCache.m in Sources */ = {isa = PBXBuildFile; fileRef = 573036D118887CCB00029216 /* UIImageView+WebCache.m */; };
		573036DF18887D8700029216 /* TimelineViewController.m in Sources */ = {isa = PBXBuildFile; fileRef = 573036DE18887D8700029216 /* TimelineViewController.m */; };
		573036E618887EDD00029216 /* 0.jpg in Resources */ = {isa = PBXBuildFile; fileRef = 573036E018887EDC00029216 /* 0.jpg */; };
		573036E718887EDD00029216 /* 1.jpg in Resources */ = {isa = PBXBuildFile; fileRef = 573036E118887EDC00029216 /* 1.jpg */; };
		573036E818887EDD00029216 /* 2.jpg in Resources */ = {isa = PBXBuildFile; fileRef = 573036E218887EDC00029216 /* 2.jpg */; };
		573036E918887EDD00029216 /* 3.jpg in Resources */ = {isa = PBXBuildFile; fileRef = 573036E318887EDC00029216 /* 3.jpg */; };
		573036EA18887EDD00029216 /* 4.jpg in Resources */ = {isa = PBXBuildFile; fileRef = 573036E418887EDC00029216 /* 4.jpg */; };
		573036EB18887EDD00029216 /* 5.jpg in Resources */ = {isa = PBXBuildFile; fileRef = 573036E518887EDC00029216 /* 5.jpg */; };
		573036ED18887F6700029216 /* 6.jpg in Resources */ = {isa = PBXBuildFile; fileRef = 573036EC18887F6700029216 /* 6.jpg */; };
/* End PBXBuildFile section */

/* Begin PBXContainerItemProxy section */
		5730367418882D3500029216 /* PBXContainerItemProxy */ = {
			isa = PBXContainerItemProxy;
			containerPortal = 5730364318882D3500029216 /* Project object */;
			proxyType = 1;
			remoteGlobalIDString = 5730364A18882D3500029216;
			remoteInfo = "fb-friends";
		};
		573036A018887C5100029216 /* PBXContainerItemProxy */ = {
			isa = PBXContainerItemProxy;
			containerPortal = 5730369B18887C5100029216 /* MWPhotoBrowser.xcodeproj */;
			proxyType = 2;
			remoteGlobalIDString = 4C6F96C414AF704100F8389A;
			remoteInfo = MWPhotoBrowser;
		};
/* End PBXContainerItemProxy section */

/* Begin PBXFileReference section */
		5730364B18882D3500029216 /* fb-friends.app */ = {isa = PBXFileReference; explicitFileType = wrapper.application; includeInIndex = 0; path = "fb-friends.app"; sourceTree = BUILT_PRODUCTS_DIR; };
		5730364E18882D3500029216 /* Foundation.framework */ = {isa = PBXFileReference; lastKnownFileType = wrapper.framework; name = Foundation.framework; path = System/Library/Frameworks/Foundation.framework; sourceTree = SDKROOT; };
		5730365018882D3500029216 /* CoreGraphics.framework */ = {isa = PBXFileReference; lastKnownFileType = wrapper.framework; name = CoreGraphics.framework; path = System/Library/Frameworks/CoreGraphics.framework; sourceTree = SDKROOT; };
		5730365218882D3500029216 /* UIKit.framework */ = {isa = PBXFileReference; lastKnownFileType = wrapper.framework; name = UIKit.framework; path = System/Library/Frameworks/UIKit.framework; sourceTree = SDKROOT; };
		5730365618882D3500029216 /* fb-friends-Info.plist */ = {isa = PBXFileReference; lastKnownFileType = text.plist.xml; path = "fb-friends-Info.plist"; sourceTree = "<group>"; };
		5730365818882D3500029216 /* en */ = {isa = PBXFileReference; lastKnownFileType = text.plist.strings; name = en; path = en.lproj/InfoPlist.strings; sourceTree = "<group>"; };
		5730365A18882D3500029216 /* main.m */ = {isa = PBXFileReference; lastKnownFileType = sourcecode.c.objc; path = main.m; sourceTree = "<group>"; };
		5730365C18882D3500029216 /* fb-friends-Prefix.pch */ = {isa = PBXFileReference; lastKnownFileType = sourcecode.c.h; path = "fb-friends-Prefix.pch"; sourceTree = "<group>"; };
		5730365D18882D3500029216 /* AppDelegate.h */ = {isa = PBXFileReference; lastKnownFileType = sourcecode.c.h; path = AppDelegate.h; sourceTree = "<group>"; };
		5730365E18882D3500029216 /* AppDelegate.m */ = {isa = PBXFileReference; lastKnownFileType = sourcecode.c.objc; path = AppDelegate.m; sourceTree = "<group>"; };
		5730366118882D3500029216 /* Base */ = {isa = PBXFileReference; lastKnownFileType = file.storyboard; name = Base; path = Base.lproj/Main.storyboard; sourceTree = "<group>"; };
		5730366918882D3500029216 /* Images.xcassets */ = {isa = PBXFileReference; lastKnownFileType = folder.assetcatalog; path = Images.xcassets; sourceTree = "<group>"; };
		5730366F18882D3500029216 /* fb-friendsTests.xctest */ = {isa = PBXFileReference; explicitFileType = wrapper.cfbundle; includeInIndex = 0; path = "fb-friendsTests.xctest"; sourceTree = BUILT_PRODUCTS_DIR; };
		5730367018882D3500029216 /* XCTest.framework */ = {isa = PBXFileReference; lastKnownFileType = wrapper.framework; name = XCTest.framework; path = Library/Frameworks/XCTest.framework; sourceTree = DEVELOPER_DIR; };
		5730367818882D3500029216 /* fb-friendsTests-Info.plist */ = {isa = PBXFileReference; lastKnownFileType = text.plist.xml; path = "fb-friendsTests-Info.plist"; sourceTree = "<group>"; };
		5730367A18882D3500029216 /* en */ = {isa = PBXFileReference; lastKnownFileType = text.plist.strings; name = en; path = en.lproj/InfoPlist.strings; sourceTree = "<group>"; };
		5730367C18882D3500029216 /* fb_friendsTests.m */ = {isa = PBXFileReference; lastKnownFileType = sourcecode.c.objc; path = fb_friendsTests.m; sourceTree = "<group>"; };
		5730368818887BD400029216 /* QuartzCore.framework */ = {isa = PBXFileReference; lastKnownFileType = wrapper.framework; name = QuartzCore.framework; path = System/Library/Frameworks/QuartzCore.framework; sourceTree = SDKROOT; };
		5730368A18887BDE00029216 /* MessageUI.framework */ = {isa = PBXFileReference; lastKnownFileType = wrapper.framework; name = MessageUI.framework; path = System/Library/Frameworks/MessageUI.framework; sourceTree = SDKROOT; };
		5730368C18887BE300029216 /* ImageIO.framework */ = {isa = PBXFileReference; lastKnownFileType = wrapper.framework; name = ImageIO.framework; path = System/Library/Frameworks/ImageIO.framework; sourceTree = SDKROOT; };
		5730368F18887C2400029216 /* FBGTimelineCell.h */ = {isa = PBXFileReference; fileEncoding = 4; lastKnownFileType = sourcecode.c.h; name = FBGTimelineCell.h; path = "../../../FB-Gallery/FB Gallery/FBGTimelineCell.h"; sourceTree = "<group>"; };
		5730369018887C2400029216 /* FBGTimelineCell.m */ = {isa = PBXFileReference; fileEncoding = 4; lastKnownFileType = sourcecode.c.objc; name = FBGTimelineCell.m; path = "../../../FB-Gallery/FB Gallery/FBGTimelineCell.m"; sourceTree = "<group>"; };
		5730369118887C2400029216 /* FBGTimelinePhotoView.h */ = {isa = PBXFileReference; fileEncoding = 4; lastKnownFileType = sourcecode.c.h; name = FBGTimelinePhotoView.h; path = "../../../FB-Gallery/FB Gallery/FBGTimelinePhotoView.h"; sourceTree = "<group>"; };
		5730369218887C2400029216 /* FBGTimelinePhotoView.m */ = {isa = PBXFileReference; fileEncoding = 4; lastKnownFileType = sourcecode.c.objc; name = FBGTimelinePhotoView.m; path = "../../../FB-Gallery/FB Gallery/FBGTimelinePhotoView.m"; sourceTree = "<group>"; };
		5730369318887C2400029216 /* UIView+viewController.h */ = {isa = PBXFileReference; fileEncoding = 4; lastKnownFileType = sourcecode.c.h; name = "UIView+viewController.h"; path = "../../../FB-Gallery/FB Gallery/UIView+viewController.h"; sourceTree = "<group>"; };
		5730369418887C2400029216 /* UIView+viewController.m */ = {isa = PBXFileReference; fileEncoding = 4; lastKnownFileType = sourcecode.c.objc; name = "UIView+viewController.m"; path = "../../../FB-Gallery/FB Gallery/UIView+viewController.m"; sourceTree = "<group>"; };
		5730369918887C5100029216 /* MWPhotoBrowser-Prefix.pch */ = {isa = PBXFileReference; fileEncoding = 4; lastKnownFileType = sourcecode.c.h; name = "MWPhotoBrowser-Prefix.pch"; path = "../../../FB-Gallery/FB Gallery/MWPhotoBrowser/MWPhotoBrowser-Prefix.pch"; sourceTree = "<group>"; };
		5730369A18887C5100029216 /* MWPhotoBrowser.bundle */ = {isa = PBXFileReference; lastKnownFileType = "wrapper.plug-in"; name = MWPhotoBrowser.bundle; path = "../../../FB-Gallery/FB Gallery/MWPhotoBrowser/MWPhotoBrowser.bundle"; sourceTree = "<group>"; };
		5730369B18887C5100029216 /* MWPhotoBrowser.xcodeproj */ = {isa = PBXFileReference; lastKnownFileType = "wrapper.pb-project"; name = MWPhotoBrowser.xcodeproj; path = "../../../FB-Gallery/FB Gallery/MWPhotoBrowser/MWPhotoBrowser.xcodeproj"; sourceTree = "<group>"; };
		573036A418887C8000029216 /* MWCaptionView.h */ = {isa = PBXFileReference; fileEncoding = 4; lastKnownFileType = sourcecode.c.h; name = MWCaptionView.h; path = "../../../FB-Gallery/FB Gallery/MWPhotoBrowser/Classes/MWCaptionView.h"; sourceTree = "<group>"; };
		573036A518887C8000029216 /* MWCaptionView.m */ = {isa = PBXFileReference; fileEncoding = 4; lastKnownFileType = sourcecode.c.objc; name = MWCaptionView.m; path = "../../../FB-Gallery/FB Gallery/MWPhotoBrowser/Classes/MWCaptionView.m"; sourceTree = "<group>"; };
		573036A618887C8000029216 /* MWPhoto.h */ = {isa = PBXFileReference; fileEncoding = 4; lastKnownFileType = sourcecode.c.h; name = MWPhoto.h; path = "../../../FB-Gallery/FB Gallery/MWPhotoBrowser/Classes/MWPhoto.h"; sourceTree = "<group>"; };
		573036A718887C8000029216 /* MWPhoto.m */ = {isa = PBXFileReference; fileEncoding = 4; lastKnownFileType = sourcecode.c.objc; name = MWPhoto.m; path = "../../../FB-Gallery/FB Gallery/MWPhotoBrowser/Classes/MWPhoto.m"; sourceTree = "<group>"; };
		573036A818887C8000029216 /* MWPhotoBrowser.h */ = {isa = PBXFileReference; fileEncoding = 4; lastKnownFileType = sourcecode.c.h; name = MWPhotoBrowser.h; path = "../../../FB-Gallery/FB Gallery/MWPhotoBrowser/Classes/MWPhotoBrowser.h"; sourceTree = "<group>"; };
		573036A918887C8000029216 /* MWPhotoBrowser.m */ = {isa = PBXFileReference; fileEncoding = 4; lastKnownFileType = sourcecode.c.objc; name = MWPhotoBrowser.m; path = "../../../FB-Gallery/FB Gallery/MWPhotoBrowser/Classes/MWPhotoBrowser.m"; sourceTree = "<group>"; };
		573036AA18887C8000029216 /* MWPhotoProtocol.h */ = {isa = PBXFileReference; fileEncoding = 4; lastKnownFileType = sourcecode.c.h; name = MWPhotoProtocol.h; path = "../../../FB-Gallery/FB Gallery/MWPhotoBrowser/Classes/MWPhotoProtocol.h"; sourceTree = "<group>"; };
		573036AB18887C8000029216 /* MWTapDetectingImageView.h */ = {isa = PBXFileReference; fileEncoding = 4; lastKnownFileType = sourcecode.c.h; name = MWTapDetectingImageView.h; path = "../../../FB-Gallery/FB Gallery/MWPhotoBrowser/Classes/MWTapDetectingImageView.h"; sourceTree = "<group>"; };
		573036AC18887C8000029216 /* MWTapDetectingImageView.m */ = {isa = PBXFileReference; fileEncoding = 4; lastKnownFileType = sourcecode.c.objc; name = MWTapDetectingImageView.m; path = "../../../FB-Gallery/FB Gallery/MWPhotoBrowser/Classes/MWTapDetectingImageView.m"; sourceTree = "<group>"; };
		573036AD18887C8000029216 /* MWTapDetectingView.h */ = {isa = PBXFileReference; fileEncoding = 4; lastKnownFileType = sourcecode.c.h; name = MWTapDetectingView.h; path = "../../../FB-Gallery/FB Gallery/MWPhotoBrowser/Classes/MWTapDetectingView.h"; sourceTree = "<group>"; };
		573036AE18887C8000029216 /* MWTapDetectingView.m */ = {isa = PBXFileReference; fileEncoding = 4; lastKnownFileType = sourcecode.c.objc; name = MWTapDetectingView.m; path = "../../../FB-Gallery/FB Gallery/MWPhotoBrowser/Classes/MWTapDetectingView.m"; sourceTree = "<group>"; };
		573036AF18887C8000029216 /* MWZoomingScrollView.h */ = {isa = PBXFileReference; fileEncoding = 4; lastKnownFileType = sourcecode.c.h; name = MWZoomingScrollView.h; path = "../../../FB-Gallery/FB Gallery/MWPhotoBrowser/Classes/MWZoomingScrollView.h"; sourceTree = "<group>"; };
		573036B018887C8000029216 /* MWZoomingScrollView.m */ = {isa = PBXFileReference; fileEncoding = 4; lastKnownFileType = sourcecode.c.objc; name = MWZoomingScrollView.m; path = "../../../FB-Gallery/FB Gallery/MWPhotoBrowser/Classes/MWZoomingScrollView.m"; sourceTree = "<group>"; };
		573036B918887CB700029216 /* MBProgressHUD.h */ = {isa = PBXFileReference; fileEncoding = 4; lastKnownFileType = sourcecode.c.h; name = MBProgressHUD.h; path = "../../../FB-Gallery/FB Gallery/MWPhotoBrowser/Libraries/MBProgressHUD/MBProgressHUD.h"; sourceTree = "<group>"; };
		573036BA18887CB700029216 /* MBProgressHUD.m */ = {isa = PBXFileReference; fileEncoding = 4; lastKnownFileType = sourcecode.c.objc; name = MBProgressHUD.m; path = "../../../FB-Gallery/FB Gallery/MWPhotoBrowser/Libraries/MBProgressHUD/MBProgressHUD.m"; sourceTree = "<group>"; };
		573036BB18887CB700029216 /* README.mdown */ = {isa = PBXFileReference; fileEncoding = 4; lastKnownFileType = text; name = README.mdown; path = "../../../FB-Gallery/FB Gallery/MWPhotoBrowser/Libraries/MBProgressHUD/README.mdown"; sourceTree = "<group>"; };
		573036BE18887CCB00029216 /* LICENSE */ = {isa = PBXFileReference; fileEncoding = 4; lastKnownFileType = text; name = LICENSE; path = "../../../FB-Gallery/FB Gallery/MWPhotoBrowser/Libraries/SDWebImage/LICENSE"; sourceTree = "<group>"; };
		573036BF18887CCB00029216 /* README.md */ = {isa = PBXFileReference; fileEncoding = 4; lastKnownFileType = text; name = README.md; path = "../../../FB-Gallery/FB Gallery/MWPhotoBrowser/Libraries/SDWebImage/README.md"; sourceTree = "<group>"; };
		573036C018887CCB00029216 /* SDImageCache.h */ = {isa = PBXFileReference; fileEncoding = 4; lastKnownFileType = sourcecode.c.h; name = SDImageCache.h; path = "../../../FB-Gallery/FB Gallery/MWPhotoBrowser/Libraries/SDWebImage/SDImageCache.h"; sourceTree = "<group>"; };
		573036C118887CCB00029216 /* SDImageCache.m */ = {isa = PBXFileReference; fileEncoding = 4; lastKnownFileType = sourcecode.c.objc; name = SDImageCache.m; path = "../../../FB-Gallery/FB Gallery/MWPhotoBrowser/Libraries/SDWebImage/SDImageCache.m"; sourceTree = "<group>"; };
		573036C218887CCB00029216 /* SDImageCacheDelegate.h */ = {isa = PBXFileReference; fileEncoding = 4; lastKnownFileType = sourcecode.c.h; name = SDImageCacheDelegate.h; path = "../../../FB-Gallery/FB Gallery/MWPhotoBrowser/Libraries/SDWebImage/SDImageCacheDelegate.h"; sourceTree = "<group>"; };
		573036C318887CCB00029216 /* SDWebImageCompat.h */ = {isa = PBXFileReference; fileEncoding = 4; lastKnownFileType = sourcecode.c.h; name = SDWebImageCompat.h; path = "../../../FB-Gallery/FB Gallery/MWPhotoBrowser/Libraries/SDWebImage/SDWebImageCompat.h"; sourceTree = "<group>"; };
		573036C418887CCB00029216 /* SDWebImageDecoder.h */ = {isa = PBXFileReference; fileEncoding = 4; lastKnownFileType = sourcecode.c.h; name = SDWebImageDecoder.h; path = "../../../FB-Gallery/FB Gallery/MWPhotoBrowser/Libraries/SDWebImage/SDWebImageDecoder.h"; sourceTree = "<group>"; };
		573036C518887CCB00029216 /* SDWebImageDecoder.m */ = {isa = PBXFileReference; fileEncoding = 4; lastKnownFileType = sourcecode.c.objc; name = SDWebImageDecoder.m; path = "../../../FB-Gallery/FB Gallery/MWPhotoBrowser/Libraries/SDWebImage/SDWebImageDecoder.m"; sourceTree = "<group>"; };
		573036C618887CCB00029216 /* SDWebImageDownloader.h */ = {isa = PBXFileReference; fileEncoding = 4; lastKnownFileType = sourcecode.c.h; name = SDWebImageDownloader.h; path = "../../../FB-Gallery/FB Gallery/MWPhotoBrowser/Libraries/SDWebImage/SDWebImageDownloader.h"; sourceTree = "<group>"; };
		573036C718887CCB00029216 /* SDWebImageDownloader.m */ = {isa = PBXFileReference; fileEncoding = 4; lastKnownFileType = sourcecode.c.objc; name = SDWebImageDownloader.m; path = "../../../FB-Gallery/FB Gallery/MWPhotoBrowser/Libraries/SDWebImage/SDWebImageDownloader.m"; sourceTree = "<group>"; };
		573036C818887CCB00029216 /* SDWebImageDownloaderDelegate.h */ = {isa = PBXFileReference; fileEncoding = 4; lastKnownFileType = sourcecode.c.h; name = SDWebImageDownloaderDelegate.h; path = "../../../FB-Gallery/FB Gallery/MWPhotoBrowser/Libraries/SDWebImage/SDWebImageDownloaderDelegate.h"; sourceTree = "<group>"; };
		573036C918887CCB00029216 /* SDWebImageManager.h */ = {isa = PBXFileReference; fileEncoding = 4; lastKnownFileType = sourcecode.c.h; name = SDWebImageManager.h; path = "../../../FB-Gallery/FB Gallery/MWPhotoBrowser/Libraries/SDWebImage/SDWebImageManager.h"; sourceTree = "<group>"; };
		573036CA18887CCB00029216 /* SDWebImageManager.m */ = {isa = PBXFileReference; fileEncoding = 4; lastKnownFileType = sourcecode.c.objc; name = SDWebImageManager.m; path = "../../../FB-Gallery/FB Gallery/MWPhotoBrowser/Libraries/SDWebImage/SDWebImageManager.m"; sourceTree = "<group>"; };
		573036CB18887CCB00029216 /* SDWebImageManagerDelegate.h */ = {isa = PBXFileReference; fileEncoding = 4; lastKnownFileType = sourcecode.c.h; name = SDWebImageManagerDelegate.h; path = "../../../FB-Gallery/FB Gallery/MWPhotoBrowser/Libraries/SDWebImage/SDWebImageManagerDelegate.h"; sourceTree = "<group>"; };
		573036CC18887CCB00029216 /* SDWebImagePrefetcher.h */ = {isa = PBXFileReference; fileEncoding = 4; lastKnownFileType = sourcecode.c.h; name = SDWebImagePrefetcher.h; path = "../../../FB-Gallery/FB Gallery/MWPhotoBrowser/Libraries/SDWebImage/SDWebImagePrefetcher.h"; sourceTree = "<group>"; };
		573036CD18887CCB00029216 /* SDWebImagePrefetcher.m */ = {isa = PBXFileReference; fileEncoding = 4; lastKnownFileType = sourcecode.c.objc; name = SDWebImagePrefetcher.m; path = "../../../FB-Gallery/FB Gallery/MWPhotoBrowser/Libraries/SDWebImage/SDWebImagePrefetcher.m"; sourceTree = "<group>"; };
		573036CE18887CCB00029216 /* UIButton+WebCache.h */ = {isa = PBXFileReference; fileEncoding = 4; lastKnownFileType = sourcecode.c.h; name = "UIButton+WebCache.h"; path = "../../../FB-Gallery/FB Gallery/MWPhotoBrowser/Libraries/SDWebImage/UIButton+WebCache.h"; sourceTree = "<group>"; };
		573036CF18887CCB00029216 /* UIButton+WebCache.m */ = {isa = PBXFileReference; fileEncoding = 4; lastKnownFileType = sourcecode.c.objc; name = "UIButton+WebCache.m"; path = "../../../FB-Gallery/FB Gallery/MWPhotoBrowser/Libraries/SDWebImage/UIButton+WebCache.m"; sourceTree = "<group>"; };
		573036D018887CCB00029216 /* UIImageView+WebCache.h */ = {isa = PBXFileReference; fileEncoding = 4; lastKnownFileType = sourcecode.c.h; name = "UIImageView+WebCache.h"; path = "../../../FB-Gallery/FB Gallery/MWPhotoBrowser/Libraries/SDWebImage/UIImageView+WebCache.h"; sourceTree = "<group>"; };
		573036D118887CCB00029216 /* UIImageView+WebCache.m */ = {isa = PBXFileReference; fileEncoding = 4; lastKnownFileType = sourcecode.c.objc; name = "UIImageView+WebCache.m"; path = "../../../FB-Gallery/FB Gallery/MWPhotoBrowser/Libraries/SDWebImage/UIImageView+WebCache.m"; sourceTree = "<group>"; };
		573036DD18887D8700029216 /* TimelineViewController.h */ = {isa = PBXFileReference; fileEncoding = 4; lastKnownFileType = sourcecode.c.h; path = TimelineViewController.h; sourceTree = "<group>"; };
		573036DE18887D8700029216 /* TimelineViewController.m */ = {isa = PBXFileReference; fileEncoding = 4; lastKnownFileType = sourcecode.c.objc; path = TimelineViewController.m; sourceTree = "<group>"; };
		573036E018887EDC00029216 /* 0.jpg */ = {isa = PBXFileReference; lastKnownFileType = image.jpeg; name = 0.jpg; path = "../../../FB-Gallery/Resource/images/0.jpg"; sourceTree = "<group>"; };
		573036E118887EDC00029216 /* 1.jpg */ = {isa = PBXFileReference; lastKnownFileType = image.jpeg; name = 1.jpg; path = "../../../FB-Gallery/Resource/images/1.jpg"; sourceTree = "<group>"; };
		573036E218887EDC00029216 /* 2.jpg */ = {isa = PBXFileReference; lastKnownFileType = image.jpeg; name = 2.jpg; path = "../../../FB-Gallery/Resource/images/2.jpg"; sourceTree = "<group>"; };
		573036E318887EDC00029216 /* 3.jpg */ = {isa = PBXFileReference; lastKnownFileType = image.jpeg; name = 3.jpg; path = "../../../FB-Gallery/Resource/images/3.jpg"; sourceTree = "<group>"; };
		573036E418887EDC00029216 /* 4.jpg */ = {isa = PBXFileReference; lastKnownFileType = image.jpeg; name = 4.jpg; path = "../../../FB-Gallery/Resource/images/4.jpg"; sourceTree = "<group>"; };
		573036E518887EDC00029216 /* 5.jpg */ = {isa = PBXFileReference; lastKnownFileType = image.jpeg; name = 5.jpg; path = "../../../FB-Gallery/Resource/images/5.jpg"; sourceTree = "<group>"; };
		573036EC18887F6700029216 /* 6.jpg */ = {isa = PBXFileReference; lastKnownFileType = image.jpeg; name = 6.jpg; path = ../../../../6.jpg; sourceTree = "<group>"; };
/* End PBXFileReference section */

/* Begin PBXFrameworksBuildPhase section */
		5730364818882D3500029216 /* Frameworks */ = {
			isa = PBXFrameworksBuildPhase;
			buildActionMask = 2147483647;
			files = (
				5730368918887BD500029216 /* QuartzCore.framework in Frameworks */,
				5730368B18887BDE00029216 /* MessageUI.framework in Frameworks */,
				5730368D18887BE300029216 /* ImageIO.framework in Frameworks */,
				5730365118882D3500029216 /* CoreGraphics.framework in Frameworks */,
				5730365318882D3500029216 /* UIKit.framework in Frameworks */,
				5730364F18882D3500029216 /* Foundation.framework in Frameworks */,
			);
			runOnlyForDeploymentPostprocessing = 0;
		};
		5730366C18882D3500029216 /* Frameworks */ = {
			isa = PBXFrameworksBuildPhase;
			buildActionMask = 2147483647;
			files = (
				5730367118882D3500029216 /* XCTest.framework in Frameworks */,
				5730367318882D3500029216 /* UIKit.framework in Frameworks */,
				5730367218882D3500029216 /* Foundation.framework in Frameworks */,
			);
			runOnlyForDeploymentPostprocessing = 0;
		};
/* End PBXFrameworksBuildPhase section */

/* Begin PBXGroup section */
		5730364218882D3500029216 = {
			isa = PBXGroup;
			children = (
				5730368C18887BE300029216 /* ImageIO.framework */,
				5730368A18887BDE00029216 /* MessageUI.framework */,
				5730368818887BD400029216 /* QuartzCore.framework */,
				5730365418882D3500029216 /* fb-friends */,
				5730367618882D3500029216 /* fb-friendsTests */,
				5730364D18882D3500029216 /* Frameworks */,
				5730364C18882D3500029216 /* Products */,
			);
			sourceTree = "<group>";
		};
		5730364C18882D3500029216 /* Products */ = {
			isa = PBXGroup;
			children = (
				5730364B18882D3500029216 /* fb-friends.app */,
				5730366F18882D3500029216 /* fb-friendsTests.xctest */,
			);
			name = Products;
			sourceTree = "<group>";
		};
		5730364D18882D3500029216 /* Frameworks */ = {
			isa = PBXGroup;
			children = (
				5730364E18882D3500029216 /* Foundation.framework */,
				5730365018882D3500029216 /* CoreGraphics.framework */,
				5730365218882D3500029216 /* UIKit.framework */,
				5730367018882D3500029216 /* XCTest.framework */,
			);
			name = Frameworks;
			sourceTree = "<group>";
		};
		5730365418882D3500029216 /* fb-friends */ = {
			isa = PBXGroup;
			children = (
				573036DB18887CF600029216 /* Resource */,
				5730368E18887C0C00029216 /* FB Gallery */,
				5730365D18882D3500029216 /* AppDelegate.h */,
				5730365E18882D3500029216 /* AppDelegate.m */,
				5730366018882D3500029216 /* Main.storyboard */,
				5730366918882D3500029216 /* Images.xcassets */,
				5730365518882D3500029216 /* Supporting Files */,
				573036DD18887D8700029216 /* TimelineViewController.h */,
				573036DE18887D8700029216 /* TimelineViewController.m */,
			);
			path = "fb-friends";
			sourceTree = "<group>";
		};
		5730365518882D3500029216 /* Supporting Files */ = {
			isa = PBXGroup;
			children = (
				5730365618882D3500029216 /* fb-friends-Info.plist */,
				5730365718882D3500029216 /* InfoPlist.strings */,
				5730365A18882D3500029216 /* main.m */,
				5730365C18882D3500029216 /* fb-friends-Prefix.pch */,
			);
			name = "Supporting Files";
			sourceTree = "<group>";
		};
		5730367618882D3500029216 /* fb-friendsTests */ = {
			isa = PBXGroup;
			children = (
				5730367C18882D3500029216 /* fb_friendsTests.m */,
				5730367718882D3500029216 /* Supporting Files */,
			);
			path = "fb-friendsTests";
			sourceTree = "<group>";
		};
		5730367718882D3500029216 /* Supporting Files */ = {
			isa = PBXGroup;
			children = (
				5730367818882D3500029216 /* fb-friendsTests-Info.plist */,
				5730367918882D3500029216 /* InfoPlist.strings */,
			);
			name = "Supporting Files";
			sourceTree = "<group>";
		};
		5730368E18887C0C00029216 /* FB Gallery */ = {
			isa = PBXGroup;
			children = (
				5730369818887C3000029216 /* MWPhotoBrowser */,
				5730368F18887C2400029216 /* FBGTimelineCell.h */,
				5730369018887C2400029216 /* FBGTimelineCell.m */,
				5730369118887C2400029216 /* FBGTimelinePhotoView.h */,
				5730369218887C2400029216 /* FBGTimelinePhotoView.m */,
				5730369318887C2400029216 /* UIView+viewController.h */,
				5730369418887C2400029216 /* UIView+viewController.m */,
			);
			name = "FB Gallery";
			sourceTree = "<group>";
		};
		5730369818887C3000029216 /* MWPhotoBrowser */ = {
			isa = PBXGroup;
			children = (
				573036A318887C6200029216 /* Libraries */,
				573036A218887C5900029216 /* Classes */,
				5730369918887C5100029216 /* MWPhotoBrowser-Prefix.pch */,
				5730369A18887C5100029216 /* MWPhotoBrowser.bundle */,
				5730369B18887C5100029216 /* MWPhotoBrowser.xcodeproj */,
			);
			name = MWPhotoBrowser;
			sourceTree = "<group>";
		};
		5730369C18887C5100029216 /* Products */ = {
			isa = PBXGroup;
			children = (
				573036A118887C5100029216 /* libMWPhotoBrowser.a */,
			);
			name = Products;
			sourceTree = "<group>";
		};
		573036A218887C5900029216 /* Classes */ = {
			isa = PBXGroup;
			children = (
				573036A418887C8000029216 /* MWCaptionView.h */,
				573036A518887C8000029216 /* MWCaptionView.m */,
				573036A618887C8000029216 /* MWPhoto.h */,
				573036A718887C8000029216 /* MWPhoto.m */,
				573036A818887C8000029216 /* MWPhotoBrowser.h */,
				573036A918887C8000029216 /* MWPhotoBrowser.m */,
				573036AA18887C8000029216 /* MWPhotoProtocol.h */,
				573036AB18887C8000029216 /* MWTapDetectingImageView.h */,
				573036AC18887C8000029216 /* MWTapDetectingImageView.m */,
				573036AD18887C8000029216 /* MWTapDetectingView.h */,
				573036AE18887C8000029216 /* MWTapDetectingView.m */,
				573036AF18887C8000029216 /* MWZoomingScrollView.h */,
				573036B018887C8000029216 /* MWZoomingScrollView.m */,
			);
			name = Classes;
			sourceTree = "<group>";
		};
		573036A318887C6200029216 /* Libraries */ = {
			isa = PBXGroup;
			children = (
				573036B818887CAC00029216 /* SDWebImage */,
				573036B718887C9B00029216 /* MBProgressHUD */,
			);
			name = Libraries;
			sourceTree = "<group>";
		};
		573036B718887C9B00029216 /* MBProgressHUD */ = {
			isa = PBXGroup;
			children = (
				573036B918887CB700029216 /* MBProgressHUD.h */,
				573036BA18887CB700029216 /* MBProgressHUD.m */,
				573036BB18887CB700029216 /* README.mdown */,
			);
			name = MBProgressHUD;
			sourceTree = "<group>";
		};
		573036B818887CAC00029216 /* SDWebImage */ = {
			isa = PBXGroup;
			children = (
				573036BE18887CCB00029216 /* LICENSE */,
				573036BF18887CCB00029216 /* README.md */,
				573036C018887CCB00029216 /* SDImageCache.h */,
				573036C118887CCB00029216 /* SDImageCache.m */,
				573036C218887CCB00029216 /* SDImageCacheDelegate.h */,
				573036C318887CCB00029216 /* SDWebImageCompat.h */,
				573036C418887CCB00029216 /* SDWebImageDecoder.h */,
				573036C518887CCB00029216 /* SDWebImageDecoder.m */,
				573036C618887CCB00029216 /* SDWebImageDownloader.h */,
				573036C718887CCB00029216 /* SDWebImageDownloader.m */,
				573036C818887CCB00029216 /* SDWebImageDownloaderDelegate.h */,
				573036C918887CCB00029216 /* SDWebImageManager.h */,
				573036CA18887CCB00029216 /* SDWebImageManager.m */,
				573036CB18887CCB00029216 /* SDWebImageManagerDelegate.h */,
				573036CC18887CCB00029216 /* SDWebImagePrefetcher.h */,
				573036CD18887CCB00029216 /* SDWebImagePrefetcher.m */,
				573036CE18887CCB00029216 /* UIButton+WebCache.h */,
				573036CF18887CCB00029216 /* UIButton+WebCache.m */,
				573036D018887CCB00029216 /* UIImageView+WebCache.h */,
				573036D118887CCB00029216 /* UIImageView+WebCache.m */,
			);
			name = SDWebImage;
			sourceTree = "<group>";
		};
		573036DB18887CF600029216 /* Resource */ = {
			isa = PBXGroup;
			children = (
				573036DC18887CFE00029216 /* images */,
			);
			name = Resource;
			sourceTree = "<group>";
		};
		573036DC18887CFE00029216 /* images */ = {
			isa = PBXGroup;
			children = (
				573036EC18887F6700029216 /* 6.jpg */,
				573036E018887EDC00029216 /* 0.jpg */,
				573036E118887EDC00029216 /* 1.jpg */,
				573036E218887EDC00029216 /* 2.jpg */,
				573036E318887EDC00029216 /* 3.jpg */,
				573036E418887EDC00029216 /* 4.jpg */,
				573036E518887EDC00029216 /* 5.jpg */,
			);
			name = images;
			sourceTree = "<group>";
		};
/* End PBXGroup section */

/* Begin PBXNativeTarget section */
		5730364A18882D3500029216 /* fb-friends */ = {
			isa = PBXNativeTarget;
			buildConfigurationList = 5730368018882D3500029216 /* Build configuration list for PBXNativeTarget "fb-friends" */;
			buildPhases = (
				5730364718882D3500029216 /* Sources */,
				5730364818882D3500029216 /* Frameworks */,
				5730364918882D3500029216 /* Resources */,
			);
			buildRules = (
			);
			dependencies = (
			);
			name = "fb-friends";
			productName = "fb-friends";
			productReference = 5730364B18882D3500029216 /* fb-friends.app */;
			productType = "com.apple.product-type.application";
		};
		5730366E18882D3500029216 /* fb-friendsTests */ = {
			isa = PBXNativeTarget;
			buildConfigurationList = 5730368318882D3500029216 /* Build configuration list for PBXNativeTarget "fb-friendsTests" */;
			buildPhases = (
				5730366B18882D3500029216 /* Sources */,
				5730366C18882D3500029216 /* Frameworks */,
				5730366D18882D3500029216 /* Resources */,
			);
			buildRules = (
			);
			dependencies = (
				5730367518882D3500029216 /* PBXTargetDependency */,
			);
			name = "fb-friendsTests";
			productName = "fb-friendsTests";
			productReference = 5730366F18882D3500029216 /* fb-friendsTests.xctest */;
			productType = "com.apple.product-type.bundle.unit-test";
		};
/* End PBXNativeTarget section */

/* Begin PBXProject section */
		5730364318882D3500029216 /* Project object */ = {
			isa = PBXProject;
			attributes = {
				LastUpgradeCheck = 0500;
				ORGANIZATIONNAME = brunosato;
				TargetAttributes = {
					5730366E18882D3500029216 = {
						TestTargetID = 5730364A18882D3500029216;
					};
				};
			};
			buildConfigurationList = 5730364618882D3500029216 /* Build configuration list for PBXProject "fb-friends" */;
			compatibilityVersion = "Xcode 3.2";
			developmentRegion = English;
			hasScannedForEncodings = 0;
			knownRegions = (
				en,
				Base,
			);
			mainGroup = 5730364218882D3500029216;
			productRefGroup = 5730364C18882D3500029216 /* Products */;
			projectDirPath = "";
			projectReferences = (
				{
					ProductGroup = 5730369C18887C5100029216 /* Products */;
					ProjectRef = 5730369B18887C5100029216 /* MWPhotoBrowser.xcodeproj */;
				},
			);
			projectRoot = "";
			targets = (
				5730364A18882D3500029216 /* fb-friends */,
				5730366E18882D3500029216 /* fb-friendsTests */,
			);
		};
/* End PBXProject section */

/* Begin PBXReferenceProxy section */
		573036A118887C5100029216 /* libMWPhotoBrowser.a */ = {
			isa = PBXReferenceProxy;
			fileType = archive.ar;
			path = libMWPhotoBrowser.a;
			remoteRef = 573036A018887C5100029216 /* PBXContainerItemProxy */;
			sourceTree = BUILT_PRODUCTS_DIR;
		};
/* End PBXReferenceProxy section */

/* Begin PBXResourcesBuildPhase section */
		5730364918882D3500029216 /* Resources */ = {
			isa = PBXResourcesBuildPhase;
			buildActionMask = 2147483647;
			files = (
				573036ED18887F6700029216 /* 6.jpg in Resources */,
				573036EA18887EDD00029216 /* 4.jpg in Resources */,
				573036E918887EDD00029216 /* 3.jpg in Resources */,
				573036D218887CCB00029216 /* LICENSE in Resources */,
				5730366A18882D3500029216 /* Images.xcassets in Resources */,
				573036E818887EDD00029216 /* 2.jpg in Resources */,
				5730365918882D3500029216 /* InfoPlist.strings in Resources */,
				573036D318887CCB00029216 /* README.md in Resources */,
				573036EB18887EDD00029216 /* 5.jpg in Resources */,
				573036E618887EDD00029216 /* 0.jpg in Resources */,
				5730366218882D3500029216 /* Main.storyboard in Resources */,
				573036E718887EDD00029216 /* 1.jpg in Resources */,
				5730369E18887C5100029216 /* MWPhotoBrowser.bundle in Resources */,
				573036BD18887CB700029216 /* README.mdown in Resources */,
			);
			runOnlyForDeploymentPostprocessing = 0;
		};
		5730366D18882D3500029216 /* Resources */ = {
			isa = PBXResourcesBuildPhase;
			buildActionMask = 2147483647;
			files = (
				5730367B18882D3500029216 /* InfoPlist.strings in Resources */,
			);
			runOnlyForDeploymentPostprocessing = 0;
		};
/* End PBXResourcesBuildPhase section */

/* Begin PBXSourcesBuildPhase section */
		5730364718882D3500029216 /* Sources */ = {
			isa = PBXSourcesBuildPhase;
			buildActionMask = 2147483647;
			files = (
				5730369618887C2400029216 /* FBGTimelinePhotoView.m in Sources */,
				5730369718887C2400029216 /* UIView+viewController.m in Sources */,
				573036B518887C8000029216 /* MWTapDetectingView.m in Sources */,
				573036D818887CCB00029216 /* SDWebImagePrefetcher.m in Sources */,
				573036D718887CCB00029216 /* SDWebImageManager.m in Sources */,
				5730365F18882D3500029216 /* AppDelegate.m in Sources */,
				573036D418887CCB00029216 /* SDImageCache.m in Sources */,
				573036B318887C8000029216 /* MWPhotoBrowser.m in Sources */,
				573036B418887C8000029216 /* MWTapDetectingImageView.m in Sources */,
				573036DF18887D8700029216 /* TimelineViewController.m in Sources */,
				5730369518887C2400029216 /* FBGTimelineCell.m in Sources */,
				573036DA18887CCB00029216 /* UIImageView+WebCache.m in Sources */,
				573036B618887C8000029216 /* MWZoomingScrollView.m in Sources */,
				5730365B18882D3500029216 /* main.m in Sources */,
				573036D618887CCB00029216 /* SDWebImageDownloader.m in Sources */,
				573036D518887CCB00029216 /* SDWebImageDecoder.m in Sources */,
				573036B218887C8000029216 /* MWPhoto.m in Sources */,
				573036D918887CCB00029216 /* UIButton+WebCache.m in Sources */,
				573036B118887C8000029216 /* MWCaptionView.m in Sources */,
				573036BC18887CB700029216 /* MBProgressHUD.m in Sources */,
			);
			runOnlyForDeploymentPostprocessing = 0;
		};
		5730366B18882D3500029216 /* Sources */ = {
			isa = PBXSourcesBuildPhase;
			buildActionMask = 2147483647;
			files = (
				5730367D18882D3500029216 /* fb_friendsTests.m in Sources */,
			);
			runOnlyForDeploymentPostprocessing = 0;
		};
/* End PBXSourcesBuildPhase section */

/* Begin PBXTargetDependency section */
		5730367518882D3500029216 /* PBXTargetDependency */ = {
			isa = PBXTargetDependency;
			target = 5730364A18882D3500029216 /* fb-friends */;
			targetProxy = 5730367418882D3500029216 /* PBXContainerItemProxy */;
		};
/* End PBXTargetDependency section */

/* Begin PBXVariantGroup section */
		5730365718882D3500029216 /* InfoPlist.strings */ = {
			isa = PBXVariantGroup;
			children = (
				5730365818882D3500029216 /* en */,
			);
			name = InfoPlist.strings;
			sourceTree = "<group>";
		};
		5730366018882D3500029216 /* Main.storyboard */ = {
			isa = PBXVariantGroup;
			children = (
				5730366118882D3500029216 /* Base */,
			);
			name = Main.storyboard;
			sourceTree = "<group>";
		};
		5730367918882D3500029216 /* InfoPlist.strings */ = {
			isa = PBXVariantGroup;
			children = (
				5730367A18882D3500029216 /* en */,
			);
			name = InfoPlist.strings;
			sourceTree = "<group>";
		};
/* End PBXVariantGroup section */

/* Begin XCBuildConfiguration section */
		5730367E18882D3500029216 /* Debug */ = {
			isa = XCBuildConfiguration;
			buildSettings = {
				ALWAYS_SEARCH_USER_PATHS = NO;
				ARCHS = "$(ARCHS_STANDARD_INCLUDING_64_BIT)";
				CLANG_CXX_LANGUAGE_STANDARD = "gnu++0x";
				CLANG_CXX_LIBRARY = "libc++";
				CLANG_ENABLE_MODULES = YES;
				CLANG_ENABLE_OBJC_ARC = YES;
				CLANG_WARN_BOOL_CONVERSION = YES;
				CLANG_WARN_CONSTANT_CONVERSION = YES;
				CLANG_WARN_DIRECT_OBJC_ISA_USAGE = YES_ERROR;
				CLANG_WARN_EMPTY_BODY = YES;
				CLANG_WARN_ENUM_CONVERSION = YES;
				CLANG_WARN_INT_CONVERSION = YES;
				CLANG_WARN_OBJC_ROOT_CLASS = YES_ERROR;
				CLANG_WARN__DUPLICATE_METHOD_MATCH = YES;
				"CODE_SIGN_IDENTITY[sdk=iphoneos*]" = "iPhone Developer";
				COPY_PHASE_STRIP = NO;
				GCC_C_LANGUAGE_STANDARD = gnu99;
				GCC_DYNAMIC_NO_PIC = NO;
				GCC_OPTIMIZATION_LEVEL = 0;
				GCC_PREPROCESSOR_DEFINITIONS = (
					"DEBUG=1",
					"$(inherited)",
				);
				GCC_SYMBOLS_PRIVATE_EXTERN = NO;
				GCC_WARN_64_TO_32_BIT_CONVERSION = YES;
				GCC_WARN_ABOUT_RETURN_TYPE = YES_ERROR;
				GCC_WARN_UNDECLARED_SELECTOR = YES;
				GCC_WARN_UNINITIALIZED_AUTOS = YES;
				GCC_WARN_UNUSED_FUNCTION = YES;
				GCC_WARN_UNUSED_VARIABLE = YES;
				IPHONEOS_DEPLOYMENT_TARGET = 7.0;
				ONLY_ACTIVE_ARCH = YES;
				SDKROOT = iphoneos;
			};
			name = Debug;
		};
		5730367F18882D3500029216 /* Release */ = {
			isa = XCBuildConfiguration;
			buildSettings = {
				ALWAYS_SEARCH_USER_PATHS = NO;
				ARCHS = "$(ARCHS_STANDARD_INCLUDING_64_BIT)";
				CLANG_CXX_LANGUAGE_STANDARD = "gnu++0x";
				CLANG_CXX_LIBRARY = "libc++";
				CLANG_ENABLE_MODULES = YES;
				CLANG_ENABLE_OBJC_ARC = YES;
				CLANG_WARN_BOOL_CONVERSION = YES;
				CLANG_WARN_CONSTANT_CONVERSION = YES;
				CLANG_WARN_DIRECT_OBJC_ISA_USAGE = YES_ERROR;
				CLANG_WARN_EMPTY_BODY = YES;
				CLANG_WARN_ENUM_CONVERSION = YES;
				CLANG_WARN_INT_CONVERSION = YES;
				CLANG_WARN_OBJC_ROOT_CLASS = YES_ERROR;
				CLANG_WARN__DUPLICATE_METHOD_MATCH = YES;
				"CODE_SIGN_IDENTITY[sdk=iphoneos*]" = "iPhone Developer";
				COPY_PHASE_STRIP = YES;
				ENABLE_NS_ASSERTIONS = NO;
				GCC_C_LANGUAGE_STANDARD = gnu99;
				GCC_WARN_64_TO_32_BIT_CONVERSION = YES;
				GCC_WARN_ABOUT_RETURN_TYPE = YES_ERROR;
				GCC_WARN_UNDECLARED_SELECTOR = YES;
				GCC_WARN_UNINITIALIZED_AUTOS = YES;
				GCC_WARN_UNUSED_FUNCTION = YES;
				GCC_WARN_UNUSED_VARIABLE = YES;
				IPHONEOS_DEPLOYMENT_TARGET = 7.0;
				SDKROOT = iphoneos;
				VALIDATE_PRODUCT = YES;
			};
			name = Release;
		};
		5730368118882D3500029216 /* Debug */ = {
			isa = XCBuildConfiguration;
			buildSettings = {
				ASSETCATALOG_COMPILER_APPICON_NAME = AppIcon;
				ASSETCATALOG_COMPILER_LAUNCHIMAGE_NAME = LaunchImage;
				GCC_PRECOMPILE_PREFIX_HEADER = YES;
				GCC_PREFIX_HEADER = "fb-friends/fb-friends-Prefix.pch";
				INFOPLIST_FILE = "fb-friends/fb-friends-Info.plist";
				PRODUCT_NAME = "$(TARGET_NAME)";
				WRAPPER_EXTENSION = app;
			};
			name = Debug;
		};
		5730368218882D3500029216 /* Release */ = {
			isa = XCBuildConfiguration;
			buildSettings = {
				ASSETCATALOG_COMPILER_APPICON_NAME = AppIcon;
				ASSETCATALOG_COMPILER_LAUNCHIMAGE_NAME = LaunchImage;
				GCC_PRECOMPILE_PREFIX_HEADER = YES;
				GCC_PREFIX_HEADER = "fb-friends/fb-friends-Prefix.pch";
				INFOPLIST_FILE = "fb-friends/fb-friends-Info.plist";
				PRODUCT_NAME = "$(TARGET_NAME)";
				WRAPPER_EXTENSION = app;
			};
			name = Release;
		};
		5730368418882D3500029216 /* Debug */ = {
			isa = XCBuildConfiguration;
			buildSettings = {
				ARCHS = "$(ARCHS_STANDARD_INCLUDING_64_BIT)";
				BUNDLE_LOADER = "$(BUILT_PRODUCTS_DIR)/fb-friends.app/fb-friends";
				FRAMEWORK_SEARCH_PATHS = (
					"$(SDKROOT)/Developer/Library/Frameworks",
					"$(inherited)",
					"$(DEVELOPER_FRAMEWORKS_DIR)",
				);
				GCC_PRECOMPILE_PREFIX_HEADER = YES;
				GCC_PREFIX_HEADER = "fb-friends/fb-friends-Prefix.pch";
				GCC_PREPROCESSOR_DEFINITIONS = (
					"DEBUG=1",
					"$(inherited)",
				);
				INFOPLIST_FILE = "fb-friendsTests/fb-friendsTests-Info.plist";
				PRODUCT_NAME = "$(TARGET_NAME)";
				TEST_HOST = "$(BUNDLE_LOADER)";
				WRAPPER_EXTENSION = xctest;
			};
			name = Debug;
		};
		5730368518882D3500029216 /* Release */ = {
			isa = XCBuildConfiguration;
			buildSettings = {
				ARCHS = "$(ARCHS_STANDARD_INCLUDING_64_BIT)";
				BUNDLE_LOADER = "$(BUILT_PRODUCTS_DIR)/fb-friends.app/fb-friends";
				FRAMEWORK_SEARCH_PATHS = (
					"$(SDKROOT)/Developer/Library/Frameworks",
					"$(inherited)",
					"$(DEVELOPER_FRAMEWORKS_DIR)",
				);
				GCC_PRECOMPILE_PREFIX_HEADER = YES;
				GCC_PREFIX_HEADER = "fb-friends/fb-friends-Prefix.pch";
				INFOPLIST_FILE = "fb-friendsTests/fb-friendsTests-Info.plist";
				PRODUCT_NAME = "$(TARGET_NAME)";
				TEST_HOST = "$(BUNDLE_LOADER)";
				WRAPPER_EXTENSION = xctest;
			};
			name = Release;
		};
/* End XCBuildConfiguration section */

/* Begin XCConfigurationList section */
		5730364618882D3500029216 /* Build configuration list for PBXProject "fb-friends" */ = {
			isa = XCConfigurationList;
			buildConfigurations = (
				5730367E18882D3500029216 /* Debug */,
				5730367F18882D3500029216 /* Release */,
			);
			defaultConfigurationIsVisible = 0;
			defaultConfigurationName = Release;
		};
		5730368018882D3500029216 /* Build configuration list for PBXNativeTarget "fb-friends" */ = {
			isa = XCConfigurationList;
			buildConfigurations = (
				5730368118882D3500029216 /* Debug */,
				5730368218882D3500029216 /* Release */,
			);
			defaultConfigurationIsVisible = 0;
		};
		5730368318882D3500029216 /* Build configuration list for PBXNativeTarget "fb-friendsTests" */ = {
			isa = XCConfigurationList;
			buildConfigurations = (
				5730368418882D3500029216 /* Debug */,
				5730368518882D3500029216 /* Release */,
			);
			defaultConfigurationIsVisible = 0;
		};
/* End XCConfigurationList section */
	};
	rootObject = 5730364318882D3500029216 /* Project object */;
}
